{
  "name": "orianna",
  "version": "0.0.5",
  "lockfileVersion": 1,
  "requires": true,
  "dependencies": {
    "base64-arraybuffer": {
      "version": "1.0.2",
      "resolved": "https://registry.npmjs.org/base64-arraybuffer/-/base64-arraybuffer-1.0.2.tgz",
      "integrity": "sha512-I3yl4r9QB5ZRY3XuJVEPfc2XhZO6YweFPI+UovAzn+8/hb3oJ6lnysaFcjVpkCPfVWFUDvoZ8kmVDP7WyRtYtQ=="
    },
    "bencode": {
      "version": "3.0.3",
      "resolved": "https://registry.npmjs.org/bencode/-/bencode-3.0.3.tgz",
      "integrity": "sha512-aP282ducX2oSLiopRaPxvO6GMOsn0teN122hvlQQXlIr0fJC+Iirea6tmOWSLWPd+GtJf2YF6+YlbF7Wz90rIA==",
      "requires": {
        "uint8-util": "^2.1.6"
      }
    },
    "uint8-util": {
      "version": "2.1.7",
      "resolved": "https://registry.npmjs.org/uint8-util/-/uint8-util-2.1.7.tgz",
      "integrity": "sha512-63X3eTz22sDcMPrGFcETPXP9Tll/e12ulyMhZVcFt2dhotCD3xJBLzGUUz5jL7ZVMImCOL/HDpKOarw38H/GUQ==",
      "requires": {
        "base64-arraybuffer": "^1.0.2"
      }
    }
  }
}
